
Microsoft Visual Studio Solution File, Format Version 12.00
# Visual Studio Version 16
VisualStudioVersion = 16.0.33214.272
MinimumVisualStudioVersion = 10.0.40219.1
Project("{FAE04EC0-301F-11D3-BF4B-00C04F79EFBC}") = "SalesWebMvc", "SalesWebMvc\SalesWebMvc.csproj", "{08F3F963-1B97-4F85-9B1F-F15828C4A116}"
EndProject
Global
	GlobalSection(SolutionConfigurationPlatforms) = preSolution
		Debug|Any CPU = Debug|Any CPU
		Release|Any CPU = Release|Any CPU
	EndGlobalSection
	GlobalSection(ProjectConfigurationPlatforms) = postSolution
		{08F3F963-1B97-4F85-9B1F-F15828C4A116}.Debug|Any CPU.ActiveCfg = Debug|Any CPU
		{08F3F963-1B97-4F85-9B1F-F15828C4A116}.Debug|Any CPU.Build.0 = Debug|Any CPU
		{08F3F963-1B97-4F85-9B1F-F15828C4A116}.Release|Any CPU.ActiveCfg = Release|Any CPU
		{08F3F963-1B97-4F85-9B1F-F15828C4A116}.Release|Any CPU.Build.0 = Release|Any CPU
	EndGlobalSection
	GlobalSection(SolutionProperties) = preSolution
		HideSolutionNode = FALSE
	EndGlobalSection
	GlobalSection(ExtensibilityGlobals) = postSolution
		SolutionGuid = {3A436E4D-6043-46CA-97E4-05A98B64DBBD}
	EndGlobalSection
EndGlobal
